# This file is automatically @generated by Cargo.
# It is not intended for manual editing.
version = 3

[[package]]
name = "impl_ops"
version = "0.1.1"
source = "registry+https://github.com/rust-lang/crates.io-index"
checksum = "90f97a5f38dd3ccfbe7aa80f4a0c00930f21b922c74195be0201c51028f22dcf"

[[package]]
name = "real_float"
version = "0.3.0"
source = "registry+https://github.com/rust-lang/crates.io-index"
checksum = "3dee308ef52b7603c018d9a0c2ff03fe65fb064bb8605a8c7ac99fb2dfb7542f"

[[package]]
name = "simple_raytracer"
version = "0.1.0"
dependencies = [
 "impl_ops",
 "real_float",
]
